
Microsoft Visual Studio Solution File, Format Version 12.00
# Visual Studio Version 17
VisualStudioVersion = 17.5.002.0
MinimumVisualStudioVersion = 10.0.40219.1
Project("{9A19103F-16F7-4668-BE54-9A1E7A4F7556}") = "UnifiedFlashingPlatform", "UnifiedFlashingPlatform\UnifiedFlashingPlatform.csproj", "{E1F73032-3193-434B-806D-636D136B8B35}"
EndProject
Project("{FAE04EC0-301F-11D3-BF4B-00C04F79EFBC}") = "Img2Ffu.Library", "img2ffu\Img2Ffu.Library\Img2Ffu.Library.csproj", "{65F75BC0-735F-4CA1-8B33-C03FEECFA322}"
EndProject
Project("{FAE04EC0-301F-11D3-BF4B-00C04F79EFBC}") = "Img2Ffu.Library.Compression.Windows", "img2ffu\Img2Ffu.Library.Compression.Windows\Img2Ffu.Library.Compression.Windows.csproj", "{AB5868C5-4BAC-4CE8-A927-7385D9D8776D}"
EndProject
Global
	GlobalSection(SolutionConfigurationPlatforms) = preSolution
		Debug|Any CPU = Debug|Any CPU
		Debug|ARM32 = Debug|ARM32
		Debug|ARM64 = Debug|ARM64
		Debug|x64 = Debug|x64
		Debug|x86 = Debug|x86
		Release|Any CPU = Release|Any CPU
		Release|ARM32 = Release|ARM32
		Release|ARM64 = Release|ARM64
		Release|x64 = Release|x64
		Release|x86 = Release|x86
	EndGlobalSection
	GlobalSection(ProjectConfigurationPlatforms) = postSolution
		{E1F73032-3193-434B-806D-636D136B8B35}.Debug|Any CPU.ActiveCfg = Debug|Any CPU
		{E1F73032-3193-434B-806D-636D136B8B35}.Debug|Any CPU.Build.0 = Debug|Any CPU
		{E1F73032-3193-434B-806D-636D136B8B35}.Debug|ARM32.ActiveCfg = Debug|Any CPU
		{E1F73032-3193-434B-806D-636D136B8B35}.Debug|ARM32.Build.0 = Debug|Any CPU
		{E1F73032-3193-434B-806D-636D136B8B35}.Debug|ARM64.ActiveCfg = Debug|arm64
		{E1F73032-3193-434B-806D-636D136B8B35}.Debug|ARM64.Build.0 = Debug|arm64
		{E1F73032-3193-434B-806D-636D136B8B35}.Debug|x64.ActiveCfg = Debug|x64
		{E1F73032-3193-434B-806D-636D136B8B35}.Debug|x64.Build.0 = Debug|x64
		{E1F73032-3193-434B-806D-636D136B8B35}.Debug|x86.ActiveCfg = Debug|x86
		{E1F73032-3193-434B-806D-636D136B8B35}.Debug|x86.Build.0 = Debug|x86
		{E1F73032-3193-434B-806D-636D136B8B35}.Release|Any CPU.ActiveCfg = Release|Any CPU
		{E1F73032-3193-434B-806D-636D136B8B35}.Release|Any CPU.Build.0 = Release|Any CPU
		{E1F73032-3193-434B-806D-636D136B8B35}.Release|ARM32.ActiveCfg = Release|Any CPU
		{E1F73032-3193-434B-806D-636D136B8B35}.Release|ARM32.Build.0 = Release|Any CPU
		{E1F73032-3193-434B-806D-636D136B8B35}.Release|ARM64.ActiveCfg = Release|arm64
		{E1F73032-3193-434B-806D-636D136B8B35}.Release|ARM64.Build.0 = Release|arm64
		{E1F73032-3193-434B-806D-636D136B8B35}.Release|x64.ActiveCfg = Release|x64
		{E1F73032-3193-434B-806D-636D136B8B35}.Release|x64.Build.0 = Release|x64
		{E1F73032-3193-434B-806D-636D136B8B35}.Release|x86.ActiveCfg = Release|x86
		{E1F73032-3193-434B-806D-636D136B8B35}.Release|x86.Build.0 = Release|x86
		{65F75BC0-735F-4CA1-8B33-C03FEECFA322}.Debug|Any CPU.ActiveCfg = Debug|x64
		{65F75BC0-735F-4CA1-8B33-C03FEECFA322}.Debug|Any CPU.Build.0 = Debug|x64
		{65F75BC0-735F-4CA1-8B33-C03FEECFA322}.Debug|ARM32.ActiveCfg = Debug|ARM32
		{65F75BC0-735F-4CA1-8B33-C03FEECFA322}.Debug|ARM32.Build.0 = Debug|ARM32
		{65F75BC0-735F-4CA1-8B33-C03FEECFA322}.Debug|ARM64.ActiveCfg = Debug|ARM64
		{65F75BC0-735F-4CA1-8B33-C03FEECFA322}.Debug|ARM64.Build.0 = Debug|ARM64
		{65F75BC0-735F-4CA1-8B33-C03FEECFA322}.Debug|x64.ActiveCfg = Debug|x64
		{65F75BC0-735F-4CA1-8B33-C03FEECFA322}.Debug|x64.Build.0 = Debug|x64
		{65F75BC0-735F-4CA1-8B33-C03FEECFA322}.Debug|x86.ActiveCfg = Debug|x86
		{65F75BC0-735F-4CA1-8B33-C03FEECFA322}.Debug|x86.Build.0 = Debug|x86
		{65F75BC0-735F-4CA1-8B33-C03FEECFA322}.Release|Any CPU.ActiveCfg = Release|x64
		{65F75BC0-735F-4CA1-8B33-C03FEECFA322}.Release|Any CPU.Build.0 = Release|x64
		{65F75BC0-735F-4CA1-8B33-C03FEECFA322}.Release|ARM32.ActiveCfg = Release|ARM32
		{65F75BC0-735F-4CA1-8B33-C03FEECFA322}.Release|ARM32.Build.0 = Release|ARM32
		{65F75BC0-735F-4CA1-8B33-C03FEECFA322}.Release|ARM64.ActiveCfg = Release|ARM64
		{65F75BC0-735F-4CA1-8B33-C03FEECFA322}.Release|ARM64.Build.0 = Release|ARM64
		{65F75BC0-735F-4CA1-8B33-C03FEECFA322}.Release|x64.ActiveCfg = Release|x64
		{65F75BC0-735F-4CA1-8B33-C03FEECFA322}.Release|x64.Build.0 = Release|x64
		{65F75BC0-735F-4CA1-8B33-C03FEECFA322}.Release|x86.ActiveCfg = Release|x86
		{65F75BC0-735F-4CA1-8B33-C03FEECFA322}.Release|x86.Build.0 = Release|x86
		{AB5868C5-4BAC-4CE8-A927-7385D9D8776D}.Debug|Any CPU.ActiveCfg = Debug|x64
		{AB5868C5-4BAC-4CE8-A927-7385D9D8776D}.Debug|Any CPU.Build.0 = Debug|x64
		{AB5868C5-4BAC-4CE8-A927-7385D9D8776D}.Debug|ARM32.ActiveCfg = Debug|ARM32
		{AB5868C5-4BAC-4CE8-A927-7385D9D8776D}.Debug|ARM32.Build.0 = Debug|ARM32
		{AB5868C5-4BAC-4CE8-A927-7385D9D8776D}.Debug|ARM64.ActiveCfg = Debug|ARM64
		{AB5868C5-4BAC-4CE8-A927-7385D9D8776D}.Debug|ARM64.Build.0 = Debug|ARM64
		{AB5868C5-4BAC-4CE8-A927-7385D9D8776D}.Debug|x64.ActiveCfg = Debug|x64
		{AB5868C5-4BAC-4CE8-A927-7385D9D8776D}.Debug|x64.Build.0 = Debug|x64
		{AB5868C5-4BAC-4CE8-A927-7385D9D8776D}.Debug|x86.ActiveCfg = Debug|x86
		{AB5868C5-4BAC-4CE8-A927-7385D9D8776D}.Debug|x86.Build.0 = Debug|x86
		{AB5868C5-4BAC-4CE8-A927-7385D9D8776D}.Release|Any CPU.ActiveCfg = Release|x64
		{AB5868C5-4BAC-4CE8-A927-7385D9D8776D}.Release|Any CPU.Build.0 = Release|x64
		{AB5868C5-4BAC-4CE8-A927-7385D9D8776D}.Release|ARM32.ActiveCfg = Release|ARM32
		{AB5868C5-4BAC-4CE8-A927-7385D9D8776D}.Release|ARM32.Build.0 = Release|ARM32
		{AB5868C5-4BAC-4CE8-A927-7385D9D8776D}.Release|ARM64.ActiveCfg = Release|ARM64
		{AB5868C5-4BAC-4CE8-A927-7385D9D8776D}.Release|ARM64.Build.0 = Release|ARM64
		{AB5868C5-4BAC-4CE8-A927-7385D9D8776D}.Release|x64.ActiveCfg = Release|x64
		{AB5868C5-4BAC-4CE8-A927-7385D9D8776D}.Release|x64.Build.0 = Release|x64
		{AB5868C5-4BAC-4CE8-A927-7385D9D8776D}.Release|x86.ActiveCfg = Release|x86
		{AB5868C5-4BAC-4CE8-A927-7385D9D8776D}.Release|x86.Build.0 = Release|x86
	EndGlobalSection
	GlobalSection(SolutionProperties) = preSolution
		HideSolutionNode = FALSE
	EndGlobalSection
	GlobalSection(ExtensibilityGlobals) = postSolution
		SolutionGuid = {2BF49422-EA27-4467-918A-D3A896329F73}
	EndGlobalSection
EndGlobal
